
Microsoft Visual Studio Solution File, Format Version 12.00
# Visual Studio Version 17
VisualStudioVersion = 17.6.33723.286
MinimumVisualStudioVersion = 10.0.40219.1
Project("{FAE04EC0-301F-11D3-BF4B-00C04F79EFBC}") = "EntityFrameworkCore", "EntityFrameworkCore\EntityFrameworkCore.csproj", "{68137D05-B118-47AB-9790-CB5AFC528444}"
EndProject
Global
	GlobalSection(SolutionConfigurationPlatforms) = preSolution
		Debug|Any CPU = Debug|Any CPU
		Release|Any CPU = Release|Any CPU
	EndGlobalSection
	GlobalSection(ProjectConfigurationPlatforms) = postSolution
		{68137D05-B118-47AB-9790-CB5AFC528444}.Debug|Any CPU.ActiveCfg = Debug|Any CPU
		{68137D05-B118-47AB-9790-CB5AFC528444}.Debug|Any CPU.Build.0 = Debug|Any CPU
		{68137D05-B118-47AB-9790-CB5AFC528444}.Release|Any CPU.ActiveCfg = Release|Any CPU
		{68137D05-B118-47AB-9790-CB5AFC528444}.Release|Any CPU.Build.0 = Release|Any CPU
	EndGlobalSection
	GlobalSection(SolutionProperties) = preSolution
		HideSolutionNode = FALSE
	EndGlobalSection
	GlobalSection(ExtensibilityGlobals) = postSolution
		SolutionGuid = {EE4F49DB-980C-4DD4-8207-BC199B4675C0}
	EndGlobalSection
EndGlobal
