
Microsoft Visual Studio Solution File, Format Version 12.00
# Visual Studio Version 17
VisualStudioVersion = 17.6.33723.286
MinimumVisualStudioVersion = 10.0.40219.1
Project("{FAE04EC0-301F-11D3-BF4B-00C04F79EFBC}") = "MinimalApi", "MinimalApi\MinimalApi.csproj", "{BE3950F2-3981-4CF0-99F7-30251CD797EF}"
EndProject
Global
	GlobalSection(SolutionConfigurationPlatforms) = preSolution
		Debug|Any CPU = Debug|Any CPU
		Release|Any CPU = Release|Any CPU
	EndGlobalSection
	GlobalSection(ProjectConfigurationPlatforms) = postSolution
		{BE3950F2-3981-4CF0-99F7-30251CD797EF}.Debug|Any CPU.ActiveCfg = Debug|Any CPU
		{BE3950F2-3981-4CF0-99F7-30251CD797EF}.Debug|Any CPU.Build.0 = Debug|Any CPU
		{BE3950F2-3981-4CF0-99F7-30251CD797EF}.Release|Any CPU.ActiveCfg = Release|Any CPU
		{BE3950F2-3981-4CF0-99F7-30251CD797EF}.Release|Any CPU.Build.0 = Release|Any CPU
	EndGlobalSection
	GlobalSection(SolutionProperties) = preSolution
		HideSolutionNode = FALSE
	EndGlobalSection
	GlobalSection(ExtensibilityGlobals) = postSolution
		SolutionGuid = {340C12DF-A958-4A46-9B94-F81C7F004F32}
	EndGlobalSection
EndGlobal
