
Microsoft Visual Studio Solution File, Format Version 12.00
# Visual Studio Version 17
VisualStudioVersion = 17.6.33723.286
MinimumVisualStudioVersion = 10.0.40219.1
Project("{9A19103F-16F7-4668-BE54-9A1E7A4F7556}") = "GrpcService", "GrpcService\GrpcService.csproj", "{8254D607-DF50-46AC-8940-9B875E1B8469}"
EndProject
Project("{FAE04EC0-301F-11D3-BF4B-00C04F79EFBC}") = "ConsoleAppClient", "ConsoleAppClient\ConsoleAppClient.csproj", "{93E60342-C36E-4C68-8BB6-F98C918E6809}"
EndProject
Global
	GlobalSection(SolutionConfigurationPlatforms) = preSolution
		Debug|Any CPU = Debug|Any CPU
		Release|Any CPU = Release|Any CPU
	EndGlobalSection
	GlobalSection(ProjectConfigurationPlatforms) = postSolution
		{8254D607-DF50-46AC-8940-9B875E1B8469}.Debug|Any CPU.ActiveCfg = Debug|Any CPU
		{8254D607-DF50-46AC-8940-9B875E1B8469}.Debug|Any CPU.Build.0 = Debug|Any CPU
		{8254D607-DF50-46AC-8940-9B875E1B8469}.Release|Any CPU.ActiveCfg = Release|Any CPU
		{8254D607-DF50-46AC-8940-9B875E1B8469}.Release|Any CPU.Build.0 = Release|Any CPU
		{93E60342-C36E-4C68-8BB6-F98C918E6809}.Debug|Any CPU.ActiveCfg = Debug|Any CPU
		{93E60342-C36E-4C68-8BB6-F98C918E6809}.Debug|Any CPU.Build.0 = Debug|Any CPU
		{93E60342-C36E-4C68-8BB6-F98C918E6809}.Release|Any CPU.ActiveCfg = Release|Any CPU
		{93E60342-C36E-4C68-8BB6-F98C918E6809}.Release|Any CPU.Build.0 = Release|Any CPU
	EndGlobalSection
	GlobalSection(SolutionProperties) = preSolution
		HideSolutionNode = FALSE
	EndGlobalSection
	GlobalSection(ExtensibilityGlobals) = postSolution
		SolutionGuid = {119F0062-93AA-47ED-A32A-D5AAA2C70611}
	EndGlobalSection
EndGlobal
